<Solution>
  <Project Path="Assembly-CSharp.csproj" />
  <Project Path="Malee.ReorderableList.csproj" />
  <Project Path="Dan.csproj" />
  <Project Path="Assembly-CSharp-Editor.csproj" />
  <Project Path="Malee.ReorderableList.Editor.csproj" />
  <Project Path="LeaderboardCreatorEditor.csproj" />
</Solution>
